
Microsoft Visual Studio Solution File, Format Version 12.00
# Visual Studio Version 16
VisualStudioVersion = 16.0.29209.62
MinimumVisualStudioVersion = 10.0.40219.1
Project("{8BC9CEB8-8B4A-11D0-8D11-00A0C91BC942}") = "Complex", "Complex\Complex.vcxproj", "{88430067-EC24-46DA-AA7F-5BD75F61D897}"
EndProject
Global
	GlobalSection(SolutionConfigurationPlatforms) = preSolution
		Debug|x64 = Debug|x64
		Debug|x86 = Debug|x86
		Release|x64 = Release|x64
		Release|x86 = Release|x86
	EndGlobalSection
	GlobalSection(ProjectConfigurationPlatforms) = postSolution
		{88430067-EC24-46DA-AA7F-5BD75F61D897}.Debug|x64.ActiveCfg = Debug|x64
		{88430067-EC24-46DA-AA7F-5BD75F61D897}.Debug|x64.Build.0 = Debug|x64
		{88430067-EC24-46DA-AA7F-5BD75F61D897}.Debug|x86.ActiveCfg = Debug|Win32
		{88430067-EC24-46DA-AA7F-5BD75F61D897}.Debug|x86.Build.0 = Debug|Win32
		{88430067-EC24-46DA-AA7F-5BD75F61D897}.Release|x64.ActiveCfg = Release|x64
		{88430067-EC24-46DA-AA7F-5BD75F61D897}.Release|x64.Build.0 = Release|x64
		{88430067-EC24-46DA-AA7F-5BD75F61D897}.Release|x86.ActiveCfg = Release|Win32
		{88430067-EC24-46DA-AA7F-5BD75F61D897}.Release|x86.Build.0 = Release|Win32
	EndGlobalSection
	GlobalSection(SolutionProperties) = preSolution
		HideSolutionNode = FALSE
	EndGlobalSection
	GlobalSection(ExtensibilityGlobals) = postSolution
		SolutionGuid = {500CC6D2-AB48-4D4E-95D5-889D49DE44B2}
	EndGlobalSection
EndGlobal
